
Microsoft Visual Studio Solution File, Format Version 12.00
# Visual Studio Version 16
VisualStudioVersion = 16.0.29215.179
MinimumVisualStudioVersion = 10.0.40219.1
Project("{FAE04EC0-301F-11D3-BF4B-00C04F79EFBC}") = "ContosoUniversity", "ContosoUniversity.csproj", "{B011A739-F9AF-49AD-9E23-5CD2C5F87857}"
EndProject
Global
	GlobalSection(SolutionConfigurationPlatforms) = preSolution
		Debug|Any CPU = Debug|Any CPU
		Release|Any CPU = Release|Any CPU
	EndGlobalSection
	GlobalSection(ProjectConfigurationPlatforms) = postSolution
		{B011A739-F9AF-49AD-9E23-5CD2C5F87857}.Debug|Any CPU.ActiveCfg = Debug|Any CPU
		{B011A739-F9AF-49AD-9E23-5CD2C5F87857}.Debug|Any CPU.Build.0 = Debug|Any CPU
		{B011A739-F9AF-49AD-9E23-5CD2C5F87857}.Release|Any CPU.ActiveCfg = Release|Any CPU
		{B011A739-F9AF-49AD-9E23-5CD2C5F87857}.Release|Any CPU.Build.0 = Release|Any CPU
	EndGlobalSection
	GlobalSection(SolutionProperties) = preSolution
		HideSolutionNode = FALSE
	EndGlobalSection
	GlobalSection(ExtensibilityGlobals) = postSolution
		SolutionGuid = {7340B6EF-14D7-44FB-8C06-A2EBE891037B}
	EndGlobalSection
EndGlobal
